
Microsoft Visual Studio Solution File, Format Version 12.00
# Visual Studio 15
Project("{FAE04EC0-301F-11D3-BF4B-00C04F79EFBC}") = "Assembly-CSharp", "Assembly-CSharp.csproj", "{1E691B4D-76EF-DF12-B1ED-89BF0710C789}"
EndProject
Project("{FAE04EC0-301F-11D3-BF4B-00C04F79EFBC}") = "Assembly-CSharp-Editor", "Assembly-CSharp-Editor.csproj", "{23F1F392-A557-8C1F-DF6C-1EF04AAE1343}"
EndProject
Global
	GlobalSection(SolutionConfigurationPlatforms) = preSolution
		Debug|Any CPU = Debug|Any CPU
		Release|Any CPU = Release|Any CPU
	EndGlobalSection
	GlobalSection(ProjectConfigurationPlatforms) = postSolution
		{1E691B4D-76EF-DF12-B1ED-89BF0710C789}.Debug|Any CPU.ActiveCfg = Debug|Any CPU
		{1E691B4D-76EF-DF12-B1ED-89BF0710C789}.Debug|Any CPU.Build.0 = Debug|Any CPU
		{1E691B4D-76EF-DF12-B1ED-89BF0710C789}.Release|Any CPU.ActiveCfg = Release|Any CPU
		{1E691B4D-76EF-DF12-B1ED-89BF0710C789}.Release|Any CPU.Build.0 = Release|Any CPU
		{23F1F392-A557-8C1F-DF6C-1EF04AAE1343}.Debug|Any CPU.ActiveCfg = Debug|Any CPU
		{23F1F392-A557-8C1F-DF6C-1EF04AAE1343}.Debug|Any CPU.Build.0 = Debug|Any CPU
		{23F1F392-A557-8C1F-DF6C-1EF04AAE1343}.Release|Any CPU.ActiveCfg = Release|Any CPU
		{23F1F392-A557-8C1F-DF6C-1EF04AAE1343}.Release|Any CPU.Build.0 = Release|Any CPU
	EndGlobalSection
	GlobalSection(SolutionProperties) = preSolution
		HideSolutionNode = FALSE
	EndGlobalSection
EndGlobal
